
Microsoft Visual Studio Solution File, Format Version 12.00
# Visual Studio Version 16
VisualStudioVersion = 16.0.30717.126
MinimumVisualStudioVersion = 10.0.40219.1
Project("{FAE04EC0-301F-11D3-BF4B-00C04F79EFBC}") = "SendGrid.Function", "SendGrid.Function\SendGrid.Function.csproj", "{93B67BC7-86A6-4C7D-A8E6-146F2E13C6E6}"
EndProject
Global
	GlobalSection(SolutionConfigurationPlatforms) = preSolution
		Debug|Any CPU = Debug|Any CPU
		Release|Any CPU = Release|Any CPU
	EndGlobalSection
	GlobalSection(ProjectConfigurationPlatforms) = postSolution
		{93B67BC7-86A6-4C7D-A8E6-146F2E13C6E6}.Debug|Any CPU.ActiveCfg = Debug|Any CPU
		{93B67BC7-86A6-4C7D-A8E6-146F2E13C6E6}.Debug|Any CPU.Build.0 = Debug|Any CPU
		{93B67BC7-86A6-4C7D-A8E6-146F2E13C6E6}.Release|Any CPU.ActiveCfg = Release|Any CPU
		{93B67BC7-86A6-4C7D-A8E6-146F2E13C6E6}.Release|Any CPU.Build.0 = Release|Any CPU
	EndGlobalSection
	GlobalSection(SolutionProperties) = preSolution
		HideSolutionNode = FALSE
	EndGlobalSection
	GlobalSection(ExtensibilityGlobals) = postSolution
		SolutionGuid = {03110DA9-4162-4D34-9510-1C535E7DA11D}
	EndGlobalSection
EndGlobal
